// !$*UTF8*$!
{
	archiveVersion = 1;
	classes = {
	};
	objectVersion = 55;
	objects = {

/* Begin PBXBuildFile section */
		3CF23D5C29022B9C0045D914 /* AppDelegate.swift in Sources */ = {isa = PBXBuildFile; fileRef = 3CF23D5B29022B9C0045D914 /* AppDelegate.swift */; };
		3CF23D5E29022B9C0045D914 /* SceneDelegate.swift in Sources */ = {isa = PBXBuildFile; fileRef = 3CF23D5D29022B9C0045D914 /* SceneDelegate.swift */; };
		3CF23D6029022B9C0045D914 /* ViewController.swift in Sources */ = {isa = PBXBuildFile; fileRef = 3CF23D5F29022B9C0045D914 /* ViewController.swift */; };
		3CF23D6329022B9C0045D914 /* Main.storyboard in Resources */ = {isa = PBXBuildFile; fileRef = 3CF23D6129022B9C0045D914 /* Main.storyboard */; };
		3CF23D6529022B9F0045D914 /* Assets.xcassets in Resources */ = {isa = PBXBuildFile; fileRef = 3CF23D6429022B9F0045D914 /* Assets.xcassets */; };
		3CF23D6829022B9F0045D914 /* LaunchScreen.storyboard in Resources */ = {isa = PBXBuildFile; fileRef = 3CF23D6629022B9F0045D914 /* LaunchScreen.storyboard */; };
		3CF23D7329022B9F0045D914 /* RepoSearchTests.swift in Sources */ = {isa = PBXBuildFile; fileRef = 3CF23D7229022B9F0045D914 /* RepoSearchTests.swift */; };
		3CF23D7D29022B9F0045D914 /* RepoSearchUITests.swift in Sources */ = {isa = PBXBuildFile; fileRef = 3CF23D7C29022B9F0045D914 /* RepoSearchUITests.swift */; };
		3CF23D7F29022B9F0045D914 /* RepoSearchUITestsLaunchTests.swift in Sources */ = {isa = PBXBuildFile; fileRef = 3CF23D7E29022B9F0045D914 /* RepoSearchUITestsLaunchTests.swift */; };
		3CF23D8D29022FCB0045D914 /* RepoTableViewCell.swift in Sources */ = {isa = PBXBuildFile; fileRef = 3CF23D8B29022FCB0045D914 /* RepoTableViewCell.swift */; };
		3CF23D8E29022FCB0045D914 /* RepoTableViewCell.xib in Resources */ = {isa = PBXBuildFile; fileRef = 3CF23D8C29022FCB0045D914 /* RepoTableViewCell.xib */; };
		3CF23D922902399A0045D914 /* RequestManager.swift in Sources */ = {isa = PBXBuildFile; fileRef = 3CF23D912902399A0045D914 /* RequestManager.swift */; };
/* End PBXBuildFile section */

/* Begin PBXContainerItemProxy section */
		3CF23D6F29022B9F0045D914 /* PBXContainerItemProxy */ = {
			isa = PBXContainerItemProxy;
			containerPortal = 3CF23D5029022B9C0045D914 /* Project object */;
			proxyType = 1;
			remoteGlobalIDString = 3CF23D5729022B9C0045D914;
			remoteInfo = RepoSearch;
		};
		3CF23D7929022B9F0045D914 /* PBXContainerItemProxy */ = {
			isa = PBXContainerItemProxy;
			containerPortal = 3CF23D5029022B9C0045D914 /* Project object */;
			proxyType = 1;
			remoteGlobalIDString = 3CF23D5729022B9C0045D914;
			remoteInfo = RepoSearch;
		};
/* End PBXContainerItemProxy section */

/* Begin PBXFileReference section */
		3CF23D5829022B9C0045D914 /* RepoSearch.app */ = {isa = PBXFileReference; explicitFileType = wrapper.application; includeInIndex = 0; path = RepoSearch.app; sourceTree = BUILT_PRODUCTS_DIR; };
		3CF23D5B29022B9C0045D914 /* AppDelegate.swift */ = {isa = PBXFileReference; lastKnownFileType = sourcecode.swift; path = AppDelegate.swift; sourceTree = "<group>"; };
		3CF23D5D29022B9C0045D914 /* SceneDelegate.swift */ = {isa = PBXFileReference; lastKnownFileType = sourcecode.swift; path = SceneDelegate.swift; sourceTree = "<group>"; };
		3CF23D5F29022B9C0045D914 /* ViewController.swift */ = {isa = PBXFileReference; lastKnownFileType = sourcecode.swift; path = ViewController.swift; sourceTree = "<group>"; };
		3CF23D6229022B9C0045D914 /* Base */ = {isa = PBXFileReference; lastKnownFileType = file.storyboard; name = Base; path = Base.lproj/Main.storyboard; sourceTree = "<group>"; };
		3CF23D6429022B9F0045D914 /* Assets.xcassets */ = {isa = PBXFileReference; lastKnownFileType = folder.assetcatalog; path = Assets.xcassets; sourceTree = "<group>"; };
		3CF23D6729022B9F0045D914 /* Base */ = {isa = PBXFileReference; lastKnownFileType = file.storyboard; name = Base; path = Base.lproj/LaunchScreen.storyboard; sourceTree = "<group>"; };
		3CF23D6929022B9F0045D914 /* Info.plist */ = {isa = PBXFileReference; lastKnownFileType = text.plist.xml; path = Info.plist; sourceTree = "<group>"; };
		3CF23D6E29022B9F0045D914 /* RepoSearchTests.xctest */ = {isa = PBXFileReference; explicitFileType = wrapper.cfbundle; includeInIndex = 0; path = RepoSearchTests.xctest; sourceTree = BUILT_PRODUCTS_DIR; };
		3CF23D7229022B9F0045D914 /* RepoSearchTests.swift */ = {isa = PBXFileReference; lastKnownFileType = sourcecode.swift; path = RepoSearchTests.swift; sourceTree = "<group>"; };
		3CF23D7829022B9F0045D914 /* RepoSearchUITests.xctest */ = {isa = PBXFileReference; explicitFileType = wrapper.cfbundle; includeInIndex = 0; path = RepoSearchUITests.xctest; sourceTree = BUILT_PRODUCTS_DIR; };
		3CF23D7C29022B9F0045D914 /* RepoSearchUITests.swift */ = {isa = PBXFileReference; lastKnownFileType = sourcecode.swift; path = RepoSearchUITests.swift; sourceTree = "<group>"; };
		3CF23D7E29022B9F0045D914 /* RepoSearchUITestsLaunchTests.swift */ = {isa = PBXFileReference; lastKnownFileType = sourcecode.swift; path = RepoSearchUITestsLaunchTests.swift; sourceTree = "<group>"; };
		3CF23D8B29022FCB0045D914 /* RepoTableViewCell.swift */ = {isa = PBXFileReference; lastKnownFileType = sourcecode.swift; path = RepoTableViewCell.swift; sourceTree = "<group>"; };
		3CF23D8C29022FCB0045D914 /* RepoTableViewCell.xib */ = {isa = PBXFileReference; lastKnownFileType = file.xib; path = RepoTableViewCell.xib; sourceTree = "<group>"; };
		3CF23D912902399A0045D914 /* RequestManager.swift */ = {isa = PBXFileReference; lastKnownFileType = sourcecode.swift; path = RequestManager.swift; sourceTree = "<group>"; };
/* End PBXFileReference section */

/* Begin PBXFrameworksBuildPhase section */
		3CF23D5529022B9C0045D914 /* Frameworks */ = {
			isa = PBXFrameworksBuildPhase;
			buildActionMask = 2147483647;
			files = (
			);
			runOnlyForDeploymentPostprocessing = 0;
		};
		3CF23D6B29022B9F0045D914 /* Frameworks */ = {
			isa = PBXFrameworksBuildPhase;
			buildActionMask = 2147483647;
			files = (
			);
			runOnlyForDeploymentPostprocessing = 0;
		};
		3CF23D7529022B9F0045D914 /* Frameworks */ = {
			isa = PBXFrameworksBuildPhase;
			buildActionMask = 2147483647;
			files = (
			);
			runOnlyForDeploymentPostprocessing = 0;
		};
/* End PBXFrameworksBuildPhase section */

/* Begin PBXGroup section */
		3CF23D4F29022B9C0045D914 = {
			isa = PBXGroup;
			children = (
				3CF23D5A29022B9C0045D914 /* RepoSearch */,
				3CF23D7129022B9F0045D914 /* RepoSearchTests */,
				3CF23D7B29022B9F0045D914 /* RepoSearchUITests */,
				3CF23D5929022B9C0045D914 /* Products */,
			);
			sourceTree = "<group>";
		};
		3CF23D5929022B9C0045D914 /* Products */ = {
			isa = PBXGroup;
			children = (
				3CF23D5829022B9C0045D914 /* RepoSearch.app */,
				3CF23D6E29022B9F0045D914 /* RepoSearchTests.xctest */,
				3CF23D7829022B9F0045D914 /* RepoSearchUITests.xctest */,
			);
			name = Products;
			sourceTree = "<group>";
		};
		3CF23D5A29022B9C0045D914 /* RepoSearch */ = {
			isa = PBXGroup;
			children = (
				3CF23D5B29022B9C0045D914 /* AppDelegate.swift */,
				3CF23D5D29022B9C0045D914 /* SceneDelegate.swift */,
				3CF23D5F29022B9C0045D914 /* ViewController.swift */,
				3CF23D6129022B9C0045D914 /* Main.storyboard */,
				3CF23D6429022B9F0045D914 /* Assets.xcassets */,
				3CF23D6629022B9F0045D914 /* LaunchScreen.storyboard */,
				3CF23D6929022B9F0045D914 /* Info.plist */,
				3CF23D8B29022FCB0045D914 /* RepoTableViewCell.swift */,
				3CF23D8C29022FCB0045D914 /* RepoTableViewCell.xib */,
				3CF23D912902399A0045D914 /* RequestManager.swift */,
			);
			path = RepoSearch;
			sourceTree = "<group>";
		};
		3CF23D7129022B9F0045D914 /* RepoSearchTests */ = {
			isa = PBXGroup;
			children = (
				3CF23D7229022B9F0045D914 /* RepoSearchTests.swift */,
			);
			path = RepoSearchTests;
			sourceTree = "<group>";
		};
		3CF23D7B29022B9F0045D914 /* RepoSearchUITests */ = {
			isa = PBXGroup;
			children = (
				3CF23D7C29022B9F0045D914 /* RepoSearchUITests.swift */,
				3CF23D7E29022B9F0045D914 /* RepoSearchUITestsLaunchTests.swift */,
			);
			path = RepoSearchUITests;
			sourceTree = "<group>";
		};
/* End PBXGroup section */

/* Begin PBXNativeTarget section */
		3CF23D5729022B9C0045D914 /* RepoSearch */ = {
			isa = PBXNativeTarget;
			buildConfigurationList = 3CF23D8229022B9F0045D914 /* Build configuration list for PBXNativeTarget "RepoSearch" */;
			buildPhases = (
				3CF23D5429022B9C0045D914 /* Sources */,
				3CF23D5529022B9C0045D914 /* Frameworks */,
				3CF23D5629022B9C0045D914 /* Resources */,
			);
			buildRules = (
			);
			dependencies = (
			);
			name = RepoSearch;
			productName = RepoSearch;
			productReference = 3CF23D5829022B9C0045D914 /* RepoSearch.app */;
			productType = "com.apple.product-type.application";
		};
		3CF23D6D29022B9F0045D914 /* RepoSearchTests */ = {
			isa = PBXNativeTarget;
			buildConfigurationList = 3CF23D8529022B9F0045D914 /* Build configuration list for PBXNativeTarget "RepoSearchTests" */;
			buildPhases = (
				3CF23D6A29022B9F0045D914 /* Sources */,
				3CF23D6B29022B9F0045D914 /* Frameworks */,
				3CF23D6C29022B9F0045D914 /* Resources */,
			);
			buildRules = (
			);
			dependencies = (
				3CF23D7029022B9F0045D914 /* PBXTargetDependency */,
			);
			name = RepoSearchTests;
			productName = RepoSearchTests;
			productReference = 3CF23D6E29022B9F0045D914 /* RepoSearchTests.xctest */;
			productType = "com.apple.product-type.bundle.unit-test";
		};
		3CF23D7729022B9F0045D914 /* RepoSearchUITests */ = {
			isa = PBXNativeTarget;
			buildConfigurationList = 3CF23D8829022B9F0045D914 /* Build configuration list for PBXNativeTarget "RepoSearchUITests" */;
			buildPhases = (
				3CF23D7429022B9F0045D914 /* Sources */,
				3CF23D7529022B9F0045D914 /* Frameworks */,
				3CF23D7629022B9F0045D914 /* Resources */,
			);
			buildRules = (
			);
			dependencies = (
				3CF23D7A29022B9F0045D914 /* PBXTargetDependency */,
			);
			name = RepoSearchUITests;
			productName = RepoSearchUITests;
			productReference = 3CF23D7829022B9F0045D914 /* RepoSearchUITests.xctest */;
			productType = "com.apple.product-type.bundle.ui-testing";
		};
/* End PBXNativeTarget section */

/* Begin PBXProject section */
		3CF23D5029022B9C0045D914 /* Project object */ = {
			isa = PBXProject;
			attributes = {
				BuildIndependentTargetsInParallel = 1;
				LastSwiftUpdateCheck = 1340;
				LastUpgradeCheck = 1340;
				TargetAttributes = {
					3CF23D5729022B9C0045D914 = {
						CreatedOnToolsVersion = 13.4.1;
					};
					3CF23D6D29022B9F0045D914 = {
						CreatedOnToolsVersion = 13.4.1;
						TestTargetID = 3CF23D5729022B9C0045D914;
					};
					3CF23D7729022B9F0045D914 = {
						CreatedOnToolsVersion = 13.4.1;
						TestTargetID = 3CF23D5729022B9C0045D914;
					};
				};
			};
			buildConfigurationList = 3CF23D5329022B9C0045D914 /* Build configuration list for PBXProject "RepoSearch" */;
			compatibilityVersion = "Xcode 13.0";
			developmentRegion = en;
			hasScannedForEncodings = 0;
			knownRegions = (
				en,
				Base,
			);
			mainGroup = 3CF23D4F29022B9C0045D914;
			productRefGroup = 3CF23D5929022B9C0045D914 /* Products */;
			projectDirPath = "";
			projectRoot = "";
			targets = (
				3CF23D5729022B9C0045D914 /* RepoSearch */,
				3CF23D6D29022B9F0045D914 /* RepoSearchTests */,
				3CF23D7729022B9F0045D914 /* RepoSearchUITests */,
			);
		};
/* End PBXProject section */

/* Begin PBXResourcesBuildPhase section */
		3CF23D5629022B9C0045D914 /* Resources */ = {
			isa = PBXResourcesBuildPhase;
			buildActionMask = 2147483647;
			files = (
				3CF23D6829022B9F0045D914 /* LaunchScreen.storyboard in Resources */,
				3CF23D6529022B9F0045D914 /* Assets.xcassets in Resources */,
				3CF23D6329022B9C0045D914 /* Main.storyboard in Resources */,
				3CF23D8E29022FCB0045D914 /* RepoTableViewCell.xib in Resources */,
			);
			runOnlyForDeploymentPostprocessing = 0;
		};
		3CF23D6C29022B9F0045D914 /* Resources */ = {
			isa = PBXResourcesBuildPhase;
			buildActionMask = 2147483647;
			files = (
			);
			runOnlyForDeploymentPostprocessing = 0;
		};
		3CF23D7629022B9F0045D914 /* Resources */ = {
			isa = PBXResourcesBuildPhase;
			buildActionMask = 2147483647;
			files = (
			);
			runOnlyForDeploymentPostprocessing = 0;
		};
/* End PBXResourcesBuildPhase section */

/* Begin PBXSourcesBuildPhase section */
		3CF23D5429022B9C0045D914 /* Sources */ = {
			isa = PBXSourcesBuildPhase;
			buildActionMask = 2147483647;
			files = (
				3CF23D6029022B9C0045D914 /* ViewController.swift in Sources */,
				3CF23D5C29022B9C0045D914 /* AppDelegate.swift in Sources */,
				3CF23D922902399A0045D914 /* RequestManager.swift in Sources */,
				3CF23D5E29022B9C0045D914 /* SceneDelegate.swift in Sources */,
				3CF23D8D29022FCB0045D914 /* RepoTableViewCell.swift in Sources */,
			);
			runOnlyForDeploymentPostprocessing = 0;
		};
		3CF23D6A29022B9F0045D914 /* Sources */ = {
			isa = PBXSourcesBuildPhase;
			buildActionMask = 2147483647;
			files = (
				3CF23D7329022B9F0045D914 /* RepoSearchTests.swift in Sources */,
			);
			runOnlyForDeploymentPostprocessing = 0;
		};
		3CF23D7429022B9F0045D914 /* Sources */ = {
			isa = PBXSourcesBuildPhase;
			buildActionMask = 2147483647;
			files = (
				3CF23D7F29022B9F0045D914 /* RepoSearchUITestsLaunchTests.swift in Sources */,
				3CF23D7D29022B9F0045D914 /* RepoSearchUITests.swift in Sources */,
			);
			runOnlyForDeploymentPostprocessing = 0;
		};
/* End PBXSourcesBuildPhase section */

/* Begin PBXTargetDependency section */
		3CF23D7029022B9F0045D914 /* PBXTargetDependency */ = {
			isa = PBXTargetDependency;
			target = 3CF23D5729022B9C0045D914 /* RepoSearch */;
			targetProxy = 3CF23D6F29022B9F0045D914 /* PBXContainerItemProxy */;
		};
		3CF23D7A29022B9F0045D914 /* PBXTargetDependency */ = {
			isa = PBXTargetDependency;
			target = 3CF23D5729022B9C0045D914 /* RepoSearch */;
			targetProxy = 3CF23D7929022B9F0045D914 /* PBXContainerItemProxy */;
		};
/* End PBXTargetDependency section */

/* Begin PBXVariantGroup section */
		3CF23D6129022B9C0045D914 /* Main.storyboard */ = {
			isa = PBXVariantGroup;
			children = (
				3CF23D6229022B9C0045D914 /* Base */,
			);
			name = Main.storyboard;
			sourceTree = "<group>";
		};
		3CF23D6629022B9F0045D914 /* LaunchScreen.storyboard */ = {
			isa = PBXVariantGroup;
			children = (
				3CF23D6729022B9F0045D914 /* Base */,
			);
			name = LaunchScreen.storyboard;
			sourceTree = "<group>";
		};
/* End PBXVariantGroup section */

/* Begin XCBuildConfiguration section */
		3CF23D8029022B9F0045D914 /* Debug */ = {
			isa = XCBuildConfiguration;
			buildSettings = {
				ALWAYS_SEARCH_USER_PATHS = NO;
				CLANG_ANALYZER_NONNULL = YES;
				CLANG_ANALYZER_NUMBER_OBJECT_CONVERSION = YES_AGGRESSIVE;
				CLANG_CXX_LANGUAGE_STANDARD = "gnu++17";
				CLANG_ENABLE_MODULES = YES;
				CLANG_ENABLE_OBJC_ARC = YES;
				CLANG_ENABLE_OBJC_WEAK = YES;
				CLANG_WARN_BLOCK_CAPTURE_AUTORELEASING = YES;
				CLANG_WARN_BOOL_CONVERSION = YES;
				CLANG_WARN_COMMA = YES;
				CLANG_WARN_CONSTANT_CONVERSION = YES;
				CLANG_WARN_DEPRECATED_OBJC_IMPLEMENTATIONS = YES;
				CLANG_WARN_DIRECT_OBJC_ISA_USAGE = YES_ERROR;
				CLANG_WARN_DOCUMENTATION_COMMENTS = YES;
				CLANG_WARN_EMPTY_BODY = YES;
				CLANG_WARN_ENUM_CONVERSION = YES;
				CLANG_WARN_INFINITE_RECURSION = YES;
				CLANG_WARN_INT_CONVERSION = YES;
				CLANG_WARN_NON_LITERAL_NULL_CONVERSION = YES;
				CLANG_WARN_OBJC_IMPLICIT_RETAIN_SELF = YES;
				CLANG_WARN_OBJC_LITERAL_CONVERSION = YES;
				CLANG_WARN_OBJC_ROOT_CLASS = YES_ERROR;
				CLANG_WARN_QUOTED_INCLUDE_IN_FRAMEWORK_HEADER = YES;
				CLANG_WARN_RANGE_LOOP_ANALYSIS = YES;
				CLANG_WARN_STRICT_PROTOTYPES = YES;
				CLANG_WARN_SUSPICIOUS_MOVE = YES;
				CLANG_WARN_UNGUARDED_AVAILABILITY = YES_AGGRESSIVE;
				CLANG_WARN_UNREACHABLE_CODE = YES;
				CLANG_WARN__DUPLICATE_METHOD_MATCH = YES;
				COPY_PHASE_STRIP = NO;
				DEBUG_INFORMATION_FORMAT = dwarf;
				ENABLE_STRICT_OBJC_MSGSEND = YES;
				ENABLE_TESTABILITY = YES;
				GCC_C_LANGUAGE_STANDARD = gnu11;
				GCC_DYNAMIC_NO_PIC = NO;
				GCC_NO_COMMON_BLOCKS = YES;
				GCC_OPTIMIZATION_LEVEL = 0;
				GCC_PREPROCESSOR_DEFINITIONS = (
					"DEBUG=1",
					"$(inherited)",
				);
				GCC_WARN_64_TO_32_BIT_CONVERSION = YES;
				GCC_WARN_ABOUT_RETURN_TYPE = YES_ERROR;
				GCC_WARN_UNDECLARED_SELECTOR = YES;
				GCC_WARN_UNINITIALIZED_AUTOS = YES_AGGRESSIVE;
				GCC_WARN_UNUSED_FUNCTION = YES;
				GCC_WARN_UNUSED_VARIABLE = YES;
				IPHONEOS_DEPLOYMENT_TARGET = 15.5;
				MTL_ENABLE_DEBUG_INFO = INCLUDE_SOURCE;
				MTL_FAST_MATH = YES;
				ONLY_ACTIVE_ARCH = YES;
				SDKROOT = iphoneos;
				SWIFT_ACTIVE_COMPILATION_CONDITIONS = DEBUG;
				SWIFT_OPTIMIZATION_LEVEL = "-Onone";
			};
			name = Debug;
		};
		3CF23D8129022B9F0045D914 /* Release */ = {
			isa = XCBuildConfiguration;
			buildSettings = {
				ALWAYS_SEARCH_USER_PATHS = NO;
				CLANG_ANALYZER_NONNULL = YES;
				CLANG_ANALYZER_NUMBER_OBJECT_CONVERSION = YES_AGGRESSIVE;
				CLANG_CXX_LANGUAGE_STANDARD = "gnu++17";
				CLANG_ENABLE_MODULES = YES;
				CLANG_ENABLE_OBJC_ARC = YES;
				CLANG_ENABLE_OBJC_WEAK = YES;
				CLANG_WARN_BLOCK_CAPTURE_AUTORELEASING = YES;
				CLANG_WARN_BOOL_CONVERSION = YES;
				CLANG_WARN_COMMA = YES;
				CLANG_WARN_CONSTANT_CONVERSION = YES;
				CLANG_WARN_DEPRECATED_OBJC_IMPLEMENTATIONS = YES;
				CLANG_WARN_DIRECT_OBJC_ISA_USAGE = YES_ERROR;
				CLANG_WARN_DOCUMENTATION_COMMENTS = YES;
				CLANG_WARN_EMPTY_BODY = YES;
				CLANG_WARN_ENUM_CONVERSION = YES;
				CLANG_WARN_INFINITE_RECURSION = YES;
				CLANG_WARN_INT_CONVERSION = YES;
				CLANG_WARN_NON_LITERAL_NULL_CONVERSION = YES;
				CLANG_WARN_OBJC_IMPLICIT_RETAIN_SELF = YES;
				CLANG_WARN_OBJC_LITERAL_CONVERSION = YES;
				CLANG_WARN_OBJC_ROOT_CLASS = YES_ERROR;
				CLANG_WARN_QUOTED_INCLUDE_IN_FRAMEWORK_HEADER = YES;
				CLANG_WARN_RANGE_LOOP_ANALYSIS = YES;
				CLANG_WARN_STRICT_PROTOTYPES = YES;
				CLANG_WARN_SUSPICIOUS_MOVE = YES;
				CLANG_WARN_UNGUARDED_AVAILABILITY = YES_AGGRESSIVE;
				CLANG_WARN_UNREACHABLE_CODE = YES;
				CLANG_WARN__DUPLICATE_METHOD_MATCH = YES;
				COPY_PHASE_STRIP = NO;
				DEBUG_INFORMATION_FORMAT = "dwarf-with-dsym";
				ENABLE_NS_ASSERTIONS = NO;
				ENABLE_STRICT_OBJC_MSGSEND = YES;
				GCC_C_LANGUAGE_STANDARD = gnu11;
				GCC_NO_COMMON_BLOCKS = YES;
				GCC_WARN_64_TO_32_BIT_CONVERSION = YES;
				GCC_WARN_ABOUT_RETURN_TYPE = YES_ERROR;
				GCC_WARN_UNDECLARED_SELECTOR = YES;
				GCC_WARN_UNINITIALIZED_AUTOS = YES_AGGRESSIVE;
				GCC_WARN_UNUSED_FUNCTION = YES;
				GCC_WARN_UNUSED_VARIABLE = YES;
				IPHONEOS_DEPLOYMENT_TARGET = 15.5;
				MTL_ENABLE_DEBUG_INFO = NO;
				MTL_FAST_MATH = YES;
				SDKROOT = iphoneos;
				SWIFT_COMPILATION_MODE = wholemodule;
				SWIFT_OPTIMIZATION_LEVEL = "-O";
				VALIDATE_PRODUCT = YES;
			};
			name = Release;
		};
		3CF23D8329022B9F0045D914 /* Debug */ = {
			isa = XCBuildConfiguration;
			buildSettings = {
				ASSETCATALOG_COMPILER_APPICON_NAME = AppIcon;
				ASSETCATALOG_COMPILER_GLOBAL_ACCENT_COLOR_NAME = AccentColor;
				CODE_SIGN_STYLE = Automatic;
				CURRENT_PROJECT_VERSION = 1;
				GENERATE_INFOPLIST_FILE = YES;
				INFOPLIST_FILE = RepoSearch/Info.plist;
				INFOPLIST_KEY_UIApplicationSupportsIndirectInputEvents = YES;
				INFOPLIST_KEY_UILaunchStoryboardName = LaunchScreen;
				INFOPLIST_KEY_UIMainStoryboardFile = Main;
				INFOPLIST_KEY_UISupportedInterfaceOrientations_iPad = "UIInterfaceOrientationPortrait UIInterfaceOrientationPortraitUpsideDown UIInterfaceOrientationLandscapeLeft UIInterfaceOrientationLandscapeRight";
				INFOPLIST_KEY_UISupportedInterfaceOrientations_iPhone = "UIInterfaceOrientationPortrait UIInterfaceOrientationLandscapeLeft UIInterfaceOrientationLandscapeRight";
				LD_RUNPATH_SEARCH_PATHS = (
					"$(inherited)",
					"@executable_path/Frameworks",
				);
				MARKETING_VERSION = 1.0;
				PRODUCT_BUNDLE_IDENTIFIER = com.kane.yin.RepoSearch;
				PRODUCT_NAME = "$(TARGET_NAME)";
				SWIFT_EMIT_LOC_STRINGS = YES;
				SWIFT_VERSION = 5.0;
				TARGETED_DEVICE_FAMILY = "1,2";
			};
			name = Debug;
		};
		3CF23D8429022B9F0045D914 /* Release */ = {
			isa = XCBuildConfiguration;
			buildSettings = {
				ASSETCATALOG_COMPILER_APPICON_NAME = AppIcon;
				ASSETCATALOG_COMPILER_GLOBAL_ACCENT_COLOR_NAME = AccentColor;
				CODE_SIGN_STYLE = Automatic;
				CURRENT_PROJECT_VERSION = 1;
				GENERATE_INFOPLIST_FILE = YES;
				INFOPLIST_FILE = RepoSearch/Info.plist;
				INFOPLIST_KEY_UIApplicationSupportsIndirectInputEvents = YES;
				INFOPLIST_KEY_UILaunchStoryboardName = LaunchScreen;
				INFOPLIST_KEY_UIMainStoryboardFile = Main;
				INFOPLIST_KEY_UISupportedInterfaceOrientations_iPad = "UIInterfaceOrientationPortrait UIInterfaceOrientationPortraitUpsideDown UIInterfaceOrientationLandscapeLeft UIInterfaceOrientationLandscapeRight";
				INFOPLIST_KEY_UISupportedInterfaceOrientations_iPhone = "UIInterfaceOrientationPortrait UIInterfaceOrientationLandscapeLeft UIInterfaceOrientationLandscapeRight";
				LD_RUNPATH_SEARCH_PATHS = (
					"$(inherited)",
					"@executable_path/Frameworks",
				);
				MARKETING_VERSION = 1.0;
				PRODUCT_BUNDLE_IDENTIFIER = com.kane.yin.RepoSearch;
				PRODUCT_NAME = "$(TARGET_NAME)";
				SWIFT_EMIT_LOC_STRINGS = YES;
				SWIFT_VERSION = 5.0;
				TARGETED_DEVICE_FAMILY = "1,2";
			};
			name = Release;
		};
		3CF23D8629022B9F0045D914 /* Debug */ = {
			isa = XCBuildConfiguration;
			buildSettings = {
				ALWAYS_EMBED_SWIFT_STANDARD_LIBRARIES = YES;
				BUNDLE_LOADER = "$(TEST_HOST)";
				CODE_SIGN_STYLE = Automatic;
				CURRENT_PROJECT_VERSION = 1;
				GENERATE_INFOPLIST_FILE = YES;
				IPHONEOS_DEPLOYMENT_TARGET = 15.5;
				MARKETING_VERSION = 1.0;
				PRODUCT_BUNDLE_IDENTIFIER = com.kane.yin.RepoSearchTests;
				PRODUCT_NAME = "$(TARGET_NAME)";
				SWIFT_EMIT_LOC_STRINGS = NO;
				SWIFT_VERSION = 5.0;
				TARGETED_DEVICE_FAMILY = "1,2";
				TEST_HOST = "$(BUILT_PRODUCTS_DIR)/RepoSearch.app/RepoSearch";
			};
			name = Debug;
		};
		3CF23D8729022B9F0045D914 /* Release */ = {
			isa = XCBuildConfiguration;
			buildSettings = {
				ALWAYS_EMBED_SWIFT_STANDARD_LIBRARIES = YES;
				BUNDLE_LOADER = "$(TEST_HOST)";
				CODE_SIGN_STYLE = Automatic;
				CURRENT_PROJECT_VERSION = 1;
				GENERATE_INFOPLIST_FILE = YES;
				IPHONEOS_DEPLOYMENT_TARGET = 15.5;
				MARKETING_VERSION = 1.0;
				PRODUCT_BUNDLE_IDENTIFIER = com.kane.yin.RepoSearchTests;
				PRODUCT_NAME = "$(TARGET_NAME)";
				SWIFT_EMIT_LOC_STRINGS = NO;
				SWIFT_VERSION = 5.0;
				TARGETED_DEVICE_FAMILY = "1,2";
				TEST_HOST = "$(BUILT_PRODUCTS_DIR)/RepoSearch.app/RepoSearch";
			};
			name = Release;
		};
		3CF23D8929022B9F0045D914 /* Debug */ = {
			isa = XCBuildConfiguration;
			buildSettings = {
				ALWAYS_EMBED_SWIFT_STANDARD_LIBRARIES = YES;
				CODE_SIGN_STYLE = Automatic;
				CURRENT_PROJECT_VERSION = 1;
				GENERATE_INFOPLIST_FILE = YES;
				MARKETING_VERSION = 1.0;
				PRODUCT_BUNDLE_IDENTIFIER = com.kane.yin.RepoSearchUITests;
				PRODUCT_NAME = "$(TARGET_NAME)";
				SWIFT_EMIT_LOC_STRINGS = NO;
				SWIFT_VERSION = 5.0;
				TARGETED_DEVICE_FAMILY = "1,2";
				TEST_TARGET_NAME = RepoSearch;
			};
			name = Debug;
		};
		3CF23D8A29022B9F0045D914 /* Release */ = {
			isa = XCBuildConfiguration;
			buildSettings = {
				ALWAYS_EMBED_SWIFT_STANDARD_LIBRARIES = YES;
				CODE_SIGN_STYLE = Automatic;
				CURRENT_PROJECT_VERSION = 1;
				GENERATE_INFOPLIST_FILE = YES;
				MARKETING_VERSION = 1.0;
				PRODUCT_BUNDLE_IDENTIFIER = com.kane.yin.RepoSearchUITests;
				PRODUCT_NAME = "$(TARGET_NAME)";
				SWIFT_EMIT_LOC_STRINGS = NO;
				SWIFT_VERSION = 5.0;
				TARGETED_DEVICE_FAMILY = "1,2";
				TEST_TARGET_NAME = RepoSearch;
			};
			name = Release;
		};
/* End XCBuildConfiguration section */

/* Begin XCConfigurationList section */
		3CF23D5329022B9C0045D914 /* Build configuration list for PBXProject "RepoSearch" */ = {
			isa = XCConfigurationList;
			buildConfigurations = (
				3CF23D8029022B9F0045D914 /* Debug */,
				3CF23D8129022B9F0045D914 /* Release */,
			);
			defaultConfigurationIsVisible = 0;
			defaultConfigurationName = Release;
		};
		3CF23D8229022B9F0045D914 /* Build configuration list for PBXNativeTarget "RepoSearch" */ = {
			isa = XCConfigurationList;
			buildConfigurations = (
				3CF23D8329022B9F0045D914 /* Debug */,
				3CF23D8429022B9F0045D914 /* Release */,
			);
			defaultConfigurationIsVisible = 0;
			defaultConfigurationName = Release;
		};
		3CF23D8529022B9F0045D914 /* Build configuration list for PBXNativeTarget "RepoSearchTests" */ = {
			isa = XCConfigurationList;
			buildConfigurations = (
				3CF23D8629022B9F0045D914 /* Debug */,
				3CF23D8729022B9F0045D914 /* Release */,
			);
			defaultConfigurationIsVisible = 0;
			defaultConfigurationName = Release;
		};
		3CF23D8829022B9F0045D914 /* Build configuration list for PBXNativeTarget "RepoSearchUITests" */ = {
			isa = XCConfigurationList;
			buildConfigurations = (
				3CF23D8929022B9F0045D914 /* Debug */,
				3CF23D8A29022B9F0045D914 /* Release */,
			);
			defaultConfigurationIsVisible = 0;
			defaultConfigurationName = Release;
		};
/* End XCConfigurationList section */
	};
	rootObject = 3CF23D5029022B9C0045D914 /* Project object */;
}
